
Microsoft Visual Studio Solution File, Format Version 12.00
# Visual Studio Version 16
VisualStudioVersion = 16.0.810.10
MinimumVisualStudioVersion = 10.0.40219.1
Project("{FAE04EC0-301F-11D3-BF4B-00C04F79EFBC}") = "dotNet5782_7388_3010", "dotNet5782_7388_3010\dotNet5782_7388_3010.csproj", "{349AE17E-D09C-4AB6-95E8-B2726B6A6FC8}"
EndProject
Global
	GlobalSection(SolutionConfigurationPlatforms) = preSolution
		Debug|Any CPU = Debug|Any CPU
		Release|Any CPU = Release|Any CPU
	EndGlobalSection
	GlobalSection(ProjectConfigurationPlatforms) = postSolution
		{349AE17E-D09C-4AB6-95E8-B2726B6A6FC8}.Debug|Any CPU.ActiveCfg = Debug|Any CPU
		{349AE17E-D09C-4AB6-95E8-B2726B6A6FC8}.Debug|Any CPU.Build.0 = Debug|Any CPU
		{349AE17E-D09C-4AB6-95E8-B2726B6A6FC8}.Release|Any CPU.ActiveCfg = Release|Any CPU
		{349AE17E-D09C-4AB6-95E8-B2726B6A6FC8}.Release|Any CPU.Build.0 = Release|Any CPU
	EndGlobalSection
	GlobalSection(SolutionProperties) = preSolution
		HideSolutionNode = FALSE
	EndGlobalSection
	GlobalSection(ExtensibilityGlobals) = postSolution
		SolutionGuid = {9B195417-5A92-4CD8-8B28-666B3BD6FD28}
	EndGlobalSection
EndGlobal
